
Microsoft Visual Studio Solution File, Format Version 12.00
# Visual Studio Version 17
VisualStudioVersion = 17.6.33815.320
MinimumVisualStudioVersion = 10.0.40219.1
Project("{FAE04EC0-301F-11D3-BF4B-00C04F79EFBC}") = "CustomerServiceClient", "CustomerServiceClient\CustomerServiceClient.csproj", "{35007A62-E19C-4FD0-A498-C8077187407D}"
EndProject
Global
	GlobalSection(SolutionConfigurationPlatforms) = preSolution
		Debug|Any CPU = Debug|Any CPU
		Release|Any CPU = Release|Any CPU
	EndGlobalSection
	GlobalSection(ProjectConfigurationPlatforms) = postSolution
		{35007A62-E19C-4FD0-A498-C8077187407D}.Debug|Any CPU.ActiveCfg = Debug|Any CPU
		{35007A62-E19C-4FD0-A498-C8077187407D}.Debug|Any CPU.Build.0 = Debug|Any CPU
		{35007A62-E19C-4FD0-A498-C8077187407D}.Release|Any CPU.ActiveCfg = Release|Any CPU
		{35007A62-E19C-4FD0-A498-C8077187407D}.Release|Any CPU.Build.0 = Release|Any CPU
	EndGlobalSection
	GlobalSection(SolutionProperties) = preSolution
		HideSolutionNode = FALSE
	EndGlobalSection
	GlobalSection(ExtensibilityGlobals) = postSolution
		SolutionGuid = {1701AEA1-AF2D-4DBF-B4D0-82EE93E4EE7C}
	EndGlobalSection
EndGlobal
